{
  "version": 4,
  "terraform_version": "1.0.7",
  "serial": 1,
  "lineage": "6cd6c420-89e9-338f-96a3-350ef742c77a",
  "outputs": {},
  "resources": [
    {
      "mode": "data",
      "type": "aws_caller_identity",
      "name": "current",
      "provider": "provider[\"registry.terraform.io/hashicorp/aws\"]",
      "instances": [
        {
          "schema_version": 0,
          "attributes": {
            "account_id": "144965779334",
            "arn": "arn:aws:iam::144965779334:user/admin2",
            "id": "144965779334",
            "user_id": "AIDASDQFCH6DDUON4WASJ"
          },
          "sensitive_attributes": []
        }
      ]
    },
    {
      "mode": "data",
      "type": "aws_eks_cluster",
      "name": "cluster",
      "provider": "provider[\"registry.terraform.io/hashicorp/aws\"]",
      "instances": [
        {
          "schema_version": 0,
          "attributes": {
            "arn": "arn:aws:eks:us-east-2:144965779334:cluster/udacity-cluster",
            "certificate_authority": [
              {
                "data": "LS0tLS1CRUdJTiBDRVJUSUZJQ0FURS0tLS0tCk1JSUM1ekNDQWMrZ0F3SUJBZ0lCQURBTkJna3Foa2lHOXcwQkFRc0ZBREFWTVJNd0VRWURWUVFERXdwcmRXSmwKY201bGRHVnpNQjRYRFRJeU1EY3lNREV5TlRJMU1Gb1hEVE15TURjeE56RXlOVEkxTUZvd0ZURVRNQkVHQTFVRQpBeE1LYTNWaVpYSnVaWFJsY3pDQ0FTSXdEUVlKS29aSWh2Y05BUUVCQlFBRGdnRVBBRENDQVFvQ2dnRUJBTEFnCjN1KzEwRDdrTGJZVC9RSTY3MXJYdjJGZ2drakc0T2ZFR3pXRmlrcUxDQlFUOTVYYnl0MkJ4ckJDR0FXai8ycnIKQlIzZkRTVDRjVVRHYXpMMElES2FCOGUxcHpMUHZLbVcyQ3VhUFY4Zk1MTHdxVDJJejQwamVjU3U5RjN3NzhaSApHUnB2YmJyU1ZPcG55N1BTY1NtTjcyZEhPNUhYU0NYamFXdThDQUU2M2IwZ2FVNzcrQmVmSUJ1NVBhWFlSVm55CjM0WWplYVB4bDBhK0lJT05CTU9yMXIyVHNWeVhaRVAxdmlhc0sxcm50OTdCRTRnM1lON0ZjMUs3bi9YTE02d0sKUFMwN1ViV3hXVFZFempKVTgxMzNoN0huZ004TlNoemRXaEU2WGNiZmNOKzZjV0I1T210YXVIU2ZqOVpMdDBOVQpoWW1Ud1BZNkZhdG1FUVNld3Q4Q0F3RUFBYU5DTUVBd0RnWURWUjBQQVFIL0JBUURBZ0trTUE4R0ExVWRFd0VCCi93UUZNQU1CQWY4d0hRWURWUjBPQkJZRUZKVldROGJZK1A5RXNWcmZBMVloTzF5OHR4bWNNQTBHQ1NxR1NJYjMKRFFFQkN3VUFBNElCQVFDQUdjNDl0NlgreWpNUTQ1TzU5cmFBQUFTR2ZBV3E3TzI5V1NFL0ZCQkRrYm5nZW1tUQpleWxvWGFxYW51STJjSlRXeVAxdWZML0lHallORG5aRVB2QkYwMUJZTFlOSXRVNnVsVkl3ZDZrY3hzelMyalRZCi9xaFNSeUxIMGx0Sy9qSGh4WjFJQWIrUkh0S2tBTk9OTWg2WW8vRTd2SGZWSHh6dkF5WFVFcVYvTGh1RnR1WEoKMUdDdlNDZm1NVVdram93V2IrT2tITXhwWURlU1B0TElKZHRKMldRcDlCRFB4MnJFRWtyRmRrYlUrTWNyeTZpeQppcnUycHBUR1hmN1BENUlFbXRZdXAxaEVlSS9SaXYvQ3FxdWx3UzBTUURhRVNyRFVyMUtoQTVtOWI5cWFSUjJ1ClZUSE9od1ZWTXpPek1Eajh2OXBENXVBVnd1R2FwVzlkSXdjbQotLS0tLUVORCBDRVJUSUZJQ0FURS0tLS0tCg=="
              }
            ],
            "created_at": "2022-07-20 12:47:19.842 +0000 UTC",
            "enabled_cluster_log_types": [],
            "endpoint": "https://7C44DDDF0A2F33128F8282382245B999.gr7.us-east-2.eks.amazonaws.com",
            "id": "udacity-cluster",
            "identity": [
              {
                "oidc": [
                  {
                    "issuer": "https://oidc.eks.us-east-2.amazonaws.com/id/7C44DDDF0A2F33128F8282382245B999"
                  }
                ]
              }
            ],
            "kubernetes_network_config": [
              {
                "ip_family": "ipv4",
                "service_ipv4_cidr": "172.20.0.0/16"
              }
            ],
            "name": "udacity-cluster",
            "platform_version": "eks.9",
            "role_arn": "arn:aws:iam::144965779334:role/app-udacity-eks-cluster-role",
            "status": "ACTIVE",
            "tags": {
              "Name": "udacity",
              "Terraform": "true"
            },
            "version": "1.21",
            "vpc_config": [
              {
                "cluster_security_group_id": "sg-010258cd4ddb69dfc",
                "endpoint_private_access": false,
                "endpoint_public_access": true,
                "public_access_cidrs": [
                  "0.0.0.0/0"
                ],
                "security_group_ids": [],
                "subnet_ids": [
                  "subnet-02d96f860dc5b4472",
                  "subnet-03068347ad82ee128",
                  "subnet-05cac38d4546d289d"
                ],
                "vpc_id": "vpc-051e19387842d1644"
              }
            ]
          },
          "sensitive_attributes": []
        }
      ]
    },
    {
      "mode": "data",
      "type": "aws_eks_cluster_auth",
      "name": "cluster",
      "provider": "provider[\"registry.terraform.io/hashicorp/aws\"]",
      "instances": [
        {
          "schema_version": 0,
          "attributes": {
            "id": "udacity-cluster",
            "name": "udacity-cluster",
            "token": "k8s-aws-v1.aHR0cHM6Ly9zdHMuYW1hem9uYXdzLmNvbS8_QWN0aW9uPUdldENhbGxlcklkZW50aXR5JlZlcnNpb249MjAxMS0wNi0xNSZYLUFtei1BbGdvcml0aG09QVdTNC1ITUFDLVNIQTI1NiZYLUFtei1DcmVkZW50aWFsPUFLSUFTRFFGQ0g2REhZRlcyWVcyJTJGMjAyMjA3MjAlMkZ1cy1lYXN0LTElMkZzdHMlMkZhd3M0X3JlcXVlc3QmWC1BbXotRGF0ZT0yMDIyMDcyMFQxNDQ5MDVaJlgtQW16LUV4cGlyZXM9MCZYLUFtei1TaWduZWRIZWFkZXJzPWhvc3QlM0J4LWs4cy1hd3MtaWQmWC1BbXotU2lnbmF0dXJlPTI0NWEwNzU5MTJkMzk3ZTkyZjBlYWIwY2ZhYTIxYWI4MGEwN2I2MmMzYTZjMDY0NzI2MTEwMWIxNzBlZTdlNTU"
          },
          "sensitive_attributes": []
        }
      ]
    },
    {
      "mode": "managed",
      "type": "kubernetes_service",
      "name": "blue",
      "provider": "provider[\"registry.terraform.io/hashicorp/kubernetes\"]",
      "instances": [
        {
          "schema_version": 1,
          "attributes": {
            "id": "udacity/blue-svc",
            "metadata": [
              {
                "annotations": {
                  "service.beta.kubernetes.io/aws-load-balancer-nlb-target-type": "ip",
                  "service.beta.kubernetes.io/aws-load-balancer-type": "nlb"
                },
                "generate_name": "",
                "generation": 0,
                "labels": {},
                "name": "blue-svc",
                "namespace": "udacity",
                "resource_version": "1530",
                "uid": "45b04318-8988-4a9f-95df-5c9d840c917e"
              }
            ],
            "spec": [
              {
                "allocate_load_balancer_node_ports": true,
                "cluster_ip": "172.20.50.221",
                "cluster_ips": [
                  "172.20.50.221"
                ],
                "external_ips": [],
                "external_name": "",
                "external_traffic_policy": "Cluster",
                "health_check_node_port": 0,
                "internal_traffic_policy": "",
                "ip_families": [
                  "IPv4"
                ],
                "ip_family_policy": "SingleStack",
                "load_balancer_class": "",
                "load_balancer_ip": "",
                "load_balancer_source_ranges": [],
                "port": [
                  {
                    "app_protocol": "",
                    "name": "",
                    "node_port": 30437,
                    "port": 80,
                    "protocol": "TCP",
                    "target_port": "80"
                  }
                ],
                "publish_not_ready_addresses": false,
                "selector": {
                  "app": "blue"
                },
                "session_affinity": "None",
                "session_affinity_config": [],
                "type": "LoadBalancer"
              }
            ],
            "status": [
              {
                "load_balancer": [
                  {
                    "ingress": [
                      {
                        "hostname": "a45b0431889884a9f95df5c9d840c917-0fd07d2cfaa81ac7.elb.us-east-2.amazonaws.com",
                        "ip": ""
                      }
                    ]
                  }
                ]
              }
            ],
            "timeouts": null,
            "wait_for_load_balancer": true
          },
          "sensitive_attributes": [],
          "private": "eyJlMmJmYjczMC1lY2FhLTExZTYtOGY4OC0zNDM2M2JjN2M0YzAiOnsiY3JlYXRlIjo2MDAwMDAwMDAwMDB9LCJzY2hlbWFfdmVyc2lvbiI6IjEifQ==",
          "dependencies": [
            "module.vpc.aws_route_table_association.public",
            "module.project_eks.aws_iam_policy.k8s_auto_scaling",
            "module.project_eks.aws_iam_role_policy_attachment.cluster_AmazonEKSClusterPolicy",
            "module.project_eks.aws_iam_role_policy_attachment.node_AmazonEKS_CNI_Policy",
            "module.project_eks.aws_iam_role_policy_attachment.node_CloudWatchAgentServerPolicy",
            "data.aws_eks_cluster.cluster",
            "data.aws_eks_cluster_auth.cluster",
            "module.vpc.aws_route_table.public",
            "module.vpc.aws_subnet.public",
            "module.vpc.aws_nat_gateway.this",
            "module.vpc.aws_route.public_internet_gateway",
            "module.vpc.aws_route_table.private",
            "data.aws_caller_identity.current",
            "module.project_eks.aws_eks_node_group.node",
            "module.vpc.aws_subnet.private",
            "module.vpc.aws_eip.nat",
            "module.project_eks.data.aws_iam_policy_document.eks_assume_role_policy",
            "module.project_eks.data.aws_iam_policy_document.eks_node_assume_role_policy",
            "module.project_eks.aws_iam_policy.eks_cluster_role_cloudwatch_policy",
            "module.project_eks.aws_iam_role.eks_node_cluster_role",
            "module.project_eks.aws_iam_role_policy_attachment.node_AmazonEC2ContainerRegistryReadOnly",
            "module.project_eks.aws_iam_role_policy_attachment.node_AmazonEKSWorkerNodePolicy",
            "module.project_eks.aws_iam_role.eks_cluster_role",
            "module.project_eks.aws_iam_role_policy_attachment.cluster_AmazonEKSServicePolicy",
            "module.vpc.aws_route.private_nat_gateway",
            "module.project_eks.data.aws_iam_policy_document.k8s_auto_scaling",
            "module.vpc.aws_internet_gateway.this",
            "module.vpc.aws_route_table_association.private",
            "module.vpc.aws_vpc.this",
            "module.project_eks.aws_eks_cluster.cluster",
            "module.project_eks.aws_iam_policy.eks_node_instance_policy",
            "module.project_eks.aws_iam_role_policy_attachment.cluster_AmazonEKSCloudwatchPolicy",
            "module.project_eks.aws_iam_role_policy_attachment.node_harmony_policy_attachment"
          ]
        }
      ]
    },
    {
      "mode": "managed",
      "type": "kubernetes_service",
      "name": "green",
      "provider": "provider[\"registry.terraform.io/hashicorp/kubernetes\"]",
      "instances": [
        {
          "schema_version": 1,
          "attributes": {
            "id": "udacity/green-svc",
            "metadata": [
              {
                "annotations": {
                  "service.beta.kubernetes.io/aws-load-balancer-nlb-target-type": "ip",
                  "service.beta.kubernetes.io/aws-load-balancer-type": "nlb"
                },
                "generate_name": "",
                "generation": 0,
                "labels": {},
                "name": "green-svc",
                "namespace": "udacity",
                "resource_version": "1521",
                "uid": "2970e3c7-2305-4fec-a7fa-f909a6cc5598"
              }
            ],
            "spec": [
              {
                "allocate_load_balancer_node_ports": true,
                "cluster_ip": "172.20.228.216",
                "cluster_ips": [
                  "172.20.228.216"
                ],
                "external_ips": [],
                "external_name": "",
                "external_traffic_policy": "Cluster",
                "health_check_node_port": 0,
                "internal_traffic_policy": "",
                "ip_families": [
                  "IPv4"
                ],
                "ip_family_policy": "SingleStack",
                "load_balancer_class": "",
                "load_balancer_ip": "",
                "load_balancer_source_ranges": [],
                "port": [
                  {
                    "app_protocol": "",
                    "name": "",
                    "node_port": 31835,
                    "port": 80,
                    "protocol": "TCP",
                    "target_port": "80"
                  }
                ],
                "publish_not_ready_addresses": false,
                "selector": {
                  "app": "green"
                },
                "session_affinity": "None",
                "session_affinity_config": [],
                "type": "LoadBalancer"
              }
            ],
            "status": [
              {
                "load_balancer": [
                  {
                    "ingress": [
                      {
                        "hostname": "a2970e3c723054feca7faf909a6cc559-0d5f31a8fe09f07f.elb.us-east-2.amazonaws.com",
                        "ip": ""
                      }
                    ]
                  }
                ]
              }
            ],
            "timeouts": null,
            "wait_for_load_balancer": true
          },
          "sensitive_attributes": [],
          "private": "eyJlMmJmYjczMC1lY2FhLTExZTYtOGY4OC0zNDM2M2JjN2M0YzAiOnsiY3JlYXRlIjo2MDAwMDAwMDAwMDB9LCJzY2hlbWFfdmVyc2lvbiI6IjEifQ==",
          "dependencies": [
            "module.vpc.aws_route_table.public",
            "data.aws_eks_cluster.cluster",
            "module.project_eks.aws_iam_role_policy_attachment.cluster_AmazonEKSCloudwatchPolicy",
            "module.project_eks.aws_iam_role_policy_attachment.node_AmazonEKSWorkerNodePolicy",
            "module.project_eks.aws_iam_role_policy_attachment.node_CloudWatchAgentServerPolicy",
            "module.vpc.aws_subnet.private",
            "module.project_eks.aws_eks_node_group.node",
            "module.project_eks.aws_iam_policy.k8s_auto_scaling",
            "module.project_eks.aws_iam_role_policy_attachment.cluster_AmazonEKSClusterPolicy",
            "module.project_eks.aws_iam_role_policy_attachment.node_AmazonEC2ContainerRegistryReadOnly",
            "module.project_eks.data.aws_iam_policy_document.eks_assume_role_policy",
            "module.vpc.aws_vpc.this",
            "module.project_eks.aws_eks_cluster.cluster",
            "module.project_eks.aws_iam_role_policy_attachment.cluster_AmazonEKSServicePolicy",
            "module.vpc.aws_route.public_internet_gateway",
            "module.project_eks.aws_iam_role_policy_attachment.node_harmony_policy_attachment",
            "module.vpc.aws_route.private_nat_gateway",
            "module.vpc.aws_route_table_association.private",
            "module.vpc.aws_route_table_association.public",
            "module.vpc.aws_subnet.public",
            "module.project_eks.aws_iam_role.eks_node_cluster_role",
            "module.project_eks.aws_iam_role_policy_attachment.node_AmazonEKS_CNI_Policy",
            "module.project_eks.data.aws_iam_policy_document.eks_node_assume_role_policy",
            "module.vpc.aws_eip.nat",
            "module.vpc.aws_internet_gateway.this",
            "module.vpc.aws_nat_gateway.this",
            "module.project_eks.aws_iam_policy.eks_cluster_role_cloudwatch_policy",
            "module.project_eks.aws_iam_policy.eks_node_instance_policy",
            "module.project_eks.aws_iam_role.eks_cluster_role",
            "data.aws_caller_identity.current",
            "data.aws_eks_cluster_auth.cluster",
            "module.project_eks.data.aws_iam_policy_document.k8s_auto_scaling",
            "module.vpc.aws_route_table.private"
          ]
        }
      ]
    },
    {
      "module": "module.project_eks",
      "mode": "data",
      "type": "aws_iam_policy_document",
      "name": "eks_assume_role_policy",
      "provider": "provider[\"registry.terraform.io/hashicorp/aws\"]",
      "instances": [
        {
          "schema_version": 0,
          "attributes": {
            "id": "189502314",
            "json": "{\n  \"Version\": \"2012-10-17\",\n  \"Statement\": [\n    {\n      \"Sid\": \"\",\n      \"Effect\": \"Allow\",\n      \"Action\": \"sts:AssumeRole\",\n      \"Principal\": {\n        \"Service\": \"eks.amazonaws.com\"\n      }\n    }\n  ]\n}",
            "override_json": null,
            "override_policy_documents": null,
            "policy_id": null,
            "source_json": null,
            "source_policy_documents": null,
            "statement": [
              {
                "actions": [
                  "sts:AssumeRole"
                ],
                "condition": [],
                "effect": "Allow",
                "not_actions": [],
                "not_principals": [],
                "not_resources": [],
                "principals": [
                  {
                    "identifiers": [
                      "eks.amazonaws.com"
                    ],
                    "type": "Service"
                  }
                ],
                "resources": [],
                "sid": ""
              }
            ],
            "version": "2012-10-17"
          },
          "sensitive_attributes": []
        }
      ]
    },
    {
      "module": "module.project_eks",
      "mode": "data",
      "type": "aws_iam_policy_document",
      "name": "eks_node_assume_role_policy",
      "provider": "provider[\"registry.terraform.io/hashicorp/aws\"]",
      "instances": [
        {
          "schema_version": 0,
          "attributes": {
            "id": "1903849331",
            "json": "{\n  \"Version\": \"2012-10-17\",\n  \"Statement\": [\n    {\n      \"Sid\": \"\",\n      \"Effect\": \"Allow\",\n      \"Action\": \"sts:AssumeRole\",\n      \"Principal\": {\n        \"Service\": \"ec2.amazonaws.com\"\n      }\n    }\n  ]\n}",
            "override_json": null,
            "override_policy_documents": null,
            "policy_id": null,
            "source_json": null,
            "source_policy_documents": null,
            "statement": [
              {
                "actions": [
                  "sts:AssumeRole"
                ],
                "condition": [],
                "effect": "Allow",
                "not_actions": [],
                "not_principals": [],
                "not_resources": [],
                "principals": [
                  {
                    "identifiers": [
                      "ec2.amazonaws.com"
                    ],
                    "type": "Service"
                  }
                ],
                "resources": [],
                "sid": ""
              }
            ],
            "version": "2012-10-17"
          },
          "sensitive_attributes": []
        }
      ]
    },
    {
      "module": "module.project_eks",
      "mode": "data",
      "type": "aws_iam_policy_document",
      "name": "k8s_auto_scaling",
      "provider": "provider[\"registry.terraform.io/hashicorp/aws\"]",
      "instances": [
        {
          "schema_version": 0,
          "attributes": {
            "id": "1342303187",
            "json": "{\n  \"Version\": \"2012-10-17\",\n  \"Statement\": [\n    {\n      \"Sid\": \"\",\n      \"Effect\": \"Allow\",\n      \"Action\": [\n        \"ec2:DescribeLaunchTemplateVersions\",\n        \"autoscaling:TerminateInstanceInAutoScalingGroup\",\n        \"autoscaling:SetDesiredCapacity\",\n        \"autoscaling:DescribeTags\",\n        \"autoscaling:DescribeLaunchConfigurations\",\n        \"autoscaling:DescribeAutoScalingInstances\",\n        \"autoscaling:DescribeAutoScalingGroups\"\n      ],\n      \"Resource\": \"*\"\n    }\n  ]\n}",
            "override_json": null,
            "override_policy_documents": null,
            "policy_id": null,
            "source_json": null,
            "source_policy_documents": null,
            "statement": [
              {
                "actions": [
                  "autoscaling:DescribeAutoScalingGroups",
                  "autoscaling:DescribeAutoScalingInstances",
                  "autoscaling:DescribeLaunchConfigurations",
                  "autoscaling:DescribeTags",
                  "autoscaling:SetDesiredCapacity",
                  "autoscaling:TerminateInstanceInAutoScalingGroup",
                  "ec2:DescribeLaunchTemplateVersions"
                ],
                "condition": [],
                "effect": "Allow",
                "not_actions": [],
                "not_principals": [],
                "not_resources": [],
                "principals": [],
                "resources": [
                  "*"
                ],
                "sid": ""
              }
            ],
            "version": "2012-10-17"
          },
          "sensitive_attributes": []
        }
      ]
    },
    {
      "module": "module.project_eks",
      "mode": "managed",
      "type": "aws_eks_cluster",
      "name": "cluster",
      "provider": "provider[\"registry.terraform.io/hashicorp/aws\"]",
      "instances": [
        {
          "schema_version": 0,
          "attributes": {
            "arn": "arn:aws:eks:us-east-2:144965779334:cluster/udacity-cluster",
            "certificate_authority": [
              {
                "data": "LS0tLS1CRUdJTiBDRVJUSUZJQ0FURS0tLS0tCk1JSUM1ekNDQWMrZ0F3SUJBZ0lCQURBTkJna3Foa2lHOXcwQkFRc0ZBREFWTVJNd0VRWURWUVFERXdwcmRXSmwKY201bGRHVnpNQjRYRFRJeU1EY3lNREV5TlRJMU1Gb1hEVE15TURjeE56RXlOVEkxTUZvd0ZURVRNQkVHQTFVRQpBeE1LYTNWaVpYSnVaWFJsY3pDQ0FTSXdEUVlKS29aSWh2Y05BUUVCQlFBRGdnRVBBRENDQVFvQ2dnRUJBTEFnCjN1KzEwRDdrTGJZVC9RSTY3MXJYdjJGZ2drakc0T2ZFR3pXRmlrcUxDQlFUOTVYYnl0MkJ4ckJDR0FXai8ycnIKQlIzZkRTVDRjVVRHYXpMMElES2FCOGUxcHpMUHZLbVcyQ3VhUFY4Zk1MTHdxVDJJejQwamVjU3U5RjN3NzhaSApHUnB2YmJyU1ZPcG55N1BTY1NtTjcyZEhPNUhYU0NYamFXdThDQUU2M2IwZ2FVNzcrQmVmSUJ1NVBhWFlSVm55CjM0WWplYVB4bDBhK0lJT05CTU9yMXIyVHNWeVhaRVAxdmlhc0sxcm50OTdCRTRnM1lON0ZjMUs3bi9YTE02d0sKUFMwN1ViV3hXVFZFempKVTgxMzNoN0huZ004TlNoemRXaEU2WGNiZmNOKzZjV0I1T210YXVIU2ZqOVpMdDBOVQpoWW1Ud1BZNkZhdG1FUVNld3Q4Q0F3RUFBYU5DTUVBd0RnWURWUjBQQVFIL0JBUURBZ0trTUE4R0ExVWRFd0VCCi93UUZNQU1CQWY4d0hRWURWUjBPQkJZRUZKVldROGJZK1A5RXNWcmZBMVloTzF5OHR4bWNNQTBHQ1NxR1NJYjMKRFFFQkN3VUFBNElCQVFDQUdjNDl0NlgreWpNUTQ1TzU5cmFBQUFTR2ZBV3E3TzI5V1NFL0ZCQkRrYm5nZW1tUQpleWxvWGFxYW51STJjSlRXeVAxdWZML0lHallORG5aRVB2QkYwMUJZTFlOSXRVNnVsVkl3ZDZrY3hzelMyalRZCi9xaFNSeUxIMGx0Sy9qSGh4WjFJQWIrUkh0S2tBTk9OTWg2WW8vRTd2SGZWSHh6dkF5WFVFcVYvTGh1RnR1WEoKMUdDdlNDZm1NVVdram93V2IrT2tITXhwWURlU1B0TElKZHRKMldRcDlCRFB4MnJFRWtyRmRrYlUrTWNyeTZpeQppcnUycHBUR1hmN1BENUlFbXRZdXAxaEVlSS9SaXYvQ3FxdWx3UzBTUURhRVNyRFVyMUtoQTVtOWI5cWFSUjJ1ClZUSE9od1ZWTXpPek1Eajh2OXBENXVBVnd1R2FwVzlkSXdjbQotLS0tLUVORCBDRVJUSUZJQ0FURS0tLS0tCg=="
              }
            ],
            "created_at": "2022-07-20 12:47:19.842 +0000 UTC",
            "enabled_cluster_log_types": [],
            "encryption_config": [],
            "endpoint": "https://7C44DDDF0A2F33128F8282382245B999.gr7.us-east-2.eks.amazonaws.com",
            "id": "udacity-cluster",
            "identity": [
              {
                "oidc": [
                  {
                    "issuer": "https://oidc.eks.us-east-2.amazonaws.com/id/7C44DDDF0A2F33128F8282382245B999"
                  }
                ]
              }
            ],
            "kubernetes_network_config": [
              {
                "ip_family": "ipv4",
                "service_ipv4_cidr": "172.20.0.0/16"
              }
            ],
            "name": "udacity-cluster",
            "platform_version": "eks.9",
            "role_arn": "arn:aws:iam::144965779334:role/app-udacity-eks-cluster-role",
            "status": "ACTIVE",
            "tags": {},
            "tags_all": {
              "Name": "udacity",
              "Terraform": "true"
            },
            "timeouts": null,
            "version": "1.21",
            "vpc_config": [
              {
                "cluster_security_group_id": "sg-010258cd4ddb69dfc",
                "endpoint_private_access": false,
                "endpoint_public_access": true,
                "public_access_cidrs": [
                  "0.0.0.0/0"
                ],
                "security_group_ids": [],
                "subnet_ids": [
                  "subnet-02d96f860dc5b4472",
                  "subnet-03068347ad82ee128",
                  "subnet-05cac38d4546d289d"
                ],
                "vpc_id": "vpc-051e19387842d1644"
              }
            ]
          },
          "sensitive_attributes": [],
          "private": "eyJlMmJmYjczMC1lY2FhLTExZTYtOGY4OC0zNDM2M2JjN2M0YzAiOnsiY3JlYXRlIjoxODAwMDAwMDAwMDAwLCJkZWxldGUiOjkwMDAwMDAwMDAwMCwidXBkYXRlIjozNjAwMDAwMDAwMDAwfX0=",
          "dependencies": [
            "module.project_eks.aws_iam_role.eks_cluster_role",
            "module.project_eks.aws_iam_role_policy_attachment.cluster_AmazonEKSServicePolicy",
            "module.vpc.aws_route_table.private",
            "module.vpc.aws_subnet.private",
            "module.project_eks.aws_iam_role_policy_attachment.cluster_AmazonEKSClusterPolicy",
            "module.vpc.aws_internet_gateway.this",
            "module.vpc.aws_nat_gateway.this",
            "module.vpc.aws_route_table.public",
            "module.vpc.aws_route_table_association.private",
            "module.vpc.aws_eip.nat",
            "module.vpc.aws_route.private_nat_gateway",
            "module.vpc.aws_route.public_internet_gateway",
            "module.vpc.aws_route_table_association.public",
            "module.vpc.aws_subnet.public",
            "module.project_eks.data.aws_iam_policy_document.eks_assume_role_policy",
            "module.vpc.aws_vpc.this"
          ]
        }
      ]
    },
    {
      "module": "module.project_eks",
      "mode": "managed",
      "type": "aws_eks_node_group",
      "name": "node",
      "provider": "provider[\"registry.terraform.io/hashicorp/aws\"]",
      "instances": [
        {
          "schema_version": 0,
          "attributes": {
            "ami_type": "AL2_x86_64",
            "arn": "arn:aws:eks:us-east-2:144965779334:nodegroup/udacity-cluster/app-udacity-node-group/00c10dd7-be1f-bae9-59df-5314ecae8081",
            "capacity_type": "ON_DEMAND",
            "cluster_name": "udacity-cluster",
            "disk_size": 20,
            "force_update_version": null,
            "id": "udacity-cluster:app-udacity-node-group",
            "instance_types": [
              "t3.medium"
            ],
            "labels": {},
            "launch_template": [],
            "node_group_name": "app-udacity-node-group",
            "node_group_name_prefix": "",
            "node_role_arn": "arn:aws:iam::144965779334:role/app-udacity-eks-node-role",
            "release_version": "1.21.12-20220629",
            "remote_access": [],
            "resources": [
              {
                "autoscaling_groups": [
                  {
                    "name": "eks-app-udacity-node-group-00c10dd7-be1f-bae9-59df-5314ecae8081"
                  }
                ],
                "remote_access_security_group_id": ""
              }
            ],
            "scaling_config": [
              {
                "desired_size": 2,
                "max_size": 4,
                "min_size": 1
              }
            ],
            "status": "ACTIVE",
            "subnet_ids": [
              "subnet-02d96f860dc5b4472",
              "subnet-03068347ad82ee128",
              "subnet-05cac38d4546d289d"
            ],
            "tags": {
              "Name": "eks-udacity-nodes"
            },
            "tags_all": {
              "Name": "eks-udacity-nodes",
              "Terraform": "true"
            },
            "taint": [],
            "timeouts": null,
            "update_config": [
              {
                "max_unavailable": 1,
                "max_unavailable_percentage": 0
              }
            ],
            "version": "1.21"
          },
          "sensitive_attributes": [],
          "private": "eyJlMmJmYjczMC1lY2FhLTExZTYtOGY4OC0zNDM2M2JjN2M0YzAiOnsiY3JlYXRlIjozNjAwMDAwMDAwMDAwLCJkZWxldGUiOjM2MDAwMDAwMDAwMDAsInVwZGF0ZSI6MzYwMDAwMDAwMDAwMH19",
          "dependencies": [
            "module.project_eks.aws_iam_policy.eks_node_instance_policy",
            "module.project_eks.aws_iam_role.eks_node_cluster_role",
            "module.vpc.aws_internet_gateway.this",
            "module.vpc.aws_subnet.private",
            "module.vpc.aws_subnet.public",
            "module.project_eks.data.aws_iam_policy_document.eks_node_assume_role_policy",
            "module.vpc.aws_nat_gateway.this",
            "module.vpc.aws_route.public_internet_gateway",
            "module.vpc.aws_route_table_association.private",
            "module.vpc.aws_vpc.this",
            "module.project_eks.aws_iam_role.eks_cluster_role",
            "module.project_eks.aws_iam_role_policy_attachment.cluster_AmazonEKSClusterPolicy",
            "module.project_eks.aws_iam_role_policy_attachment.node_AmazonEKSWorkerNodePolicy",
            "module.project_eks.aws_iam_role_policy_attachment.node_harmony_policy_attachment",
            "module.vpc.aws_eip.nat",
            "module.vpc.aws_route_table.public",
            "module.project_eks.aws_eks_cluster.cluster",
            "module.project_eks.aws_iam_role_policy_attachment.cluster_AmazonEKSServicePolicy",
            "module.project_eks.aws_iam_role_policy_attachment.node_AmazonEC2ContainerRegistryReadOnly",
            "module.project_eks.aws_iam_role_policy_attachment.node_AmazonEKS_CNI_Policy",
            "module.project_eks.data.aws_iam_policy_document.eks_assume_role_policy",
            "module.vpc.aws_route.private_nat_gateway",
            "module.vpc.aws_route_table.private",
            "module.vpc.aws_route_table_association.public"
          ]
        }
      ]
    },
    {
      "module": "module.project_eks",
      "mode": "managed",
      "type": "aws_iam_policy",
      "name": "eks_cluster_role_cloudwatch_policy",
      "provider": "provider[\"registry.terraform.io/hashicorp/aws\"]",
      "instances": [
        {
          "schema_version": 0,
          "attributes": {
            "arn": "arn:aws:iam::144965779334:policy/app-udacity-eks-cluster-role-cloudwatch-policy",
            "description": "Policy allowing cloudwatch access to udacity resources.",
            "id": "arn:aws:iam::144965779334:policy/app-udacity-eks-cluster-role-cloudwatch-policy",
            "name": "app-udacity-eks-cluster-role-cloudwatch-policy",
            "name_prefix": null,
            "path": "/",
            "policy": "{\"Statement\":[{\"Action\":[\"cloudwatch:*\",\"logs:DescribeLogGroups\",\"logs:DescribeLogStreams\",\"logs:CreateLogGroup\",\"logs:CreateLogStream\",\"logs:PutLogEvents\"],\"Effect\":\"Allow\",\"Resource\":\"*\"}],\"Version\":\"2012-10-17\"}",
            "policy_id": "ANPASDQFCH6DLTFIAWFEY",
            "tags": {},
            "tags_all": {
              "Name": "udacity",
              "Terraform": "true"
            }
          },
          "sensitive_attributes": [],
          "private": "bnVsbA==",
          "dependencies": [
            "module.vpc.aws_internet_gateway.this",
            "module.vpc.aws_nat_gateway.this",
            "module.vpc.aws_route.private_nat_gateway",
            "module.vpc.aws_route_table.private",
            "module.vpc.aws_subnet.public",
            "module.vpc.aws_subnet.private",
            "module.vpc.aws_vpc.this",
            "module.vpc.aws_eip.nat",
            "module.vpc.aws_route.public_internet_gateway",
            "module.vpc.aws_route_table.public",
            "module.vpc.aws_route_table_association.private",
            "module.vpc.aws_route_table_association.public"
          ]
        }
      ]
    },
    {
      "module": "module.project_eks",
      "mode": "managed",
      "type": "aws_iam_policy",
      "name": "eks_node_instance_policy",
      "provider": "provider[\"registry.terraform.io/hashicorp/aws\"]",
      "instances": [
        {
          "schema_version": 0,
          "attributes": {
            "arn": "arn:aws:iam::144965779334:policy/app-udacity-instance-policy",
            "description": "Policy allowing access to udacity resources.",
            "id": "arn:aws:iam::144965779334:policy/app-udacity-instance-policy",
            "name": "app-udacity-instance-policy",
            "name_prefix": null,
            "path": "/",
            "policy": "{\"Statement\":[{\"Action\":\"s3:*\",\"Effect\":\"Allow\",\"Resource\":[\"arn:aws:s3:::*\",\"arn:aws:s3:::*/*\",\"arn:aws:s3:*:*:job/*\"]},{\"Action\":[\"logs:CreateLogGroup\",\"logs:CreateLogStream\",\"logs:PutLogEvents\"],\"Effect\":\"Allow\",\"Resource\":[\"arn:aws:logs:*:*:log-group:*\",\"arn:aws:logs:*:*:log-group:*:*:*\"]},{\"Action\":[\"ecr:BatchCheckLayerAvailability\",\"ecr:BatchGetImage\",\"ecr:DescribeImages\",\"ecr:DescribeRepositories\",\"ecr:GetAuthorizationToken\",\"ecr:GetDownloadUrlForLayer\",\"ecr:GetRepositoryPolicy\",\"ecr:ListImages\"],\"Effect\":\"Allow\",\"Resource\":\"*\"},{\"Action\":[\"sqs:ReceiveMessage\",\"sqs:SendMessage\",\"sqs:SendMessageBatch\",\"sqs:DeleteMessage\",\"sqs:DeleteMessageBatch\",\"sqs:ChangeMessageVisibility\",\"sqs:ChangeMessageVisibilityBatch\"],\"Effect\":\"Allow\",\"Resource\":[\"*\"]},{\"Action\":\"eks:DescribeCluster\",\"Effect\":\"Allow\",\"Resource\":\"*\"}],\"Version\":\"2012-10-17\"}",
            "policy_id": "ANPASDQFCH6DG3EIMU6VV",
            "tags": {},
            "tags_all": {
              "Name": "udacity",
              "Terraform": "true"
            }
          },
          "sensitive_attributes": [],
          "private": "bnVsbA==",
          "dependencies": [
            "module.vpc.aws_subnet.public",
            "module.vpc.aws_vpc.this",
            "module.vpc.aws_internet_gateway.this",
            "module.vpc.aws_nat_gateway.this",
            "module.vpc.aws_route.public_internet_gateway",
            "module.vpc.aws_route_table.public",
            "module.vpc.aws_route_table_association.private",
            "module.vpc.aws_route_table_association.public",
            "module.vpc.aws_eip.nat",
            "module.vpc.aws_route.private_nat_gateway",
            "module.vpc.aws_route_table.private",
            "module.vpc.aws_subnet.private"
          ]
        }
      ]
    },
    {
      "module": "module.project_eks",
      "mode": "managed",
      "type": "aws_iam_policy",
      "name": "k8s_auto_scaling",
      "provider": "provider[\"registry.terraform.io/hashicorp/aws\"]",
      "instances": [
        {
          "schema_version": 0,
          "attributes": {
            "arn": "arn:aws:iam::144965779334:policy/udacity-k8s-autoscale",
            "description": "",
            "id": "arn:aws:iam::144965779334:policy/udacity-k8s-autoscale",
            "name": "udacity-k8s-autoscale",
            "name_prefix": null,
            "path": "/",
            "policy": "{\"Statement\":[{\"Action\":[\"ec2:DescribeLaunchTemplateVersions\",\"autoscaling:TerminateInstanceInAutoScalingGroup\",\"autoscaling:SetDesiredCapacity\",\"autoscaling:DescribeTags\",\"autoscaling:DescribeLaunchConfigurations\",\"autoscaling:DescribeAutoScalingInstances\",\"autoscaling:DescribeAutoScalingGroups\"],\"Effect\":\"Allow\",\"Resource\":\"*\",\"Sid\":\"\"}],\"Version\":\"2012-10-17\"}",
            "policy_id": "ANPASDQFCH6DCWPG3PNWW",
            "tags": {},
            "tags_all": {
              "Name": "udacity",
              "Terraform": "true"
            }
          },
          "sensitive_attributes": [],
          "private": "bnVsbA==",
          "dependencies": [
            "module.vpc.aws_route_table_association.private",
            "module.vpc.aws_subnet.private",
            "module.project_eks.data.aws_iam_policy_document.k8s_auto_scaling",
            "module.vpc.aws_eip.nat",
            "module.vpc.aws_route.private_nat_gateway",
            "module.vpc.aws_route.public_internet_gateway",
            "module.vpc.aws_route_table_association.public",
            "module.vpc.aws_subnet.public",
            "module.vpc.aws_vpc.this",
            "module.vpc.aws_internet_gateway.this",
            "module.vpc.aws_nat_gateway.this",
            "module.vpc.aws_route_table.private",
            "module.vpc.aws_route_table.public"
          ]
        }
      ]
    },
    {
      "module": "module.project_eks",
      "mode": "managed",
      "type": "aws_iam_role",
      "name": "eks_cluster_role",
      "provider": "provider[\"registry.terraform.io/hashicorp/aws\"]",
      "instances": [
        {
          "schema_version": 0,
          "attributes": {
            "arn": "arn:aws:iam::144965779334:role/app-udacity-eks-cluster-role",
            "assume_role_policy": "{\"Version\":\"2012-10-17\",\"Statement\":[{\"Sid\":\"\",\"Effect\":\"Allow\",\"Principal\":{\"Service\":\"eks.amazonaws.com\"},\"Action\":\"sts:AssumeRole\"}]}",
            "create_date": "2022-07-20T12:47:16Z",
            "description": "",
            "force_detach_policies": false,
            "id": "app-udacity-eks-cluster-role",
            "inline_policy": [
              {
                "name": "",
                "policy": ""
              }
            ],
            "managed_policy_arns": [
              "arn:aws:iam::aws:policy/AmazonEKSClusterPolicy",
              "arn:aws:iam::aws:policy/AmazonEKSServicePolicy"
            ],
            "max_session_duration": 3600,
            "name": "app-udacity-eks-cluster-role",
            "name_prefix": "",
            "path": "/",
            "permissions_boundary": null,
            "tags": {},
            "tags_all": {
              "Name": "udacity",
              "Terraform": "true"
            },
            "unique_id": "AROASDQFCH6DHICQC2PBK"
          },
          "sensitive_attributes": [],
          "private": "bnVsbA==",
          "dependencies": [
            "module.vpc.aws_route_table_association.public",
            "module.vpc.aws_eip.nat",
            "module.vpc.aws_nat_gateway.this",
            "module.vpc.aws_route.private_nat_gateway",
            "module.vpc.aws_route_table.private",
            "module.vpc.aws_route_table.public",
            "module.vpc.aws_route_table_association.private",
            "module.project_eks.data.aws_iam_policy_document.eks_assume_role_policy",
            "module.vpc.aws_internet_gateway.this",
            "module.vpc.aws_route.public_internet_gateway",
            "module.vpc.aws_subnet.private",
            "module.vpc.aws_subnet.public",
            "module.vpc.aws_vpc.this"
          ]
        }
      ]
    },
    {
      "module": "module.project_eks",
      "mode": "managed",
      "type": "aws_iam_role",
      "name": "eks_node_cluster_role",
      "provider": "provider[\"registry.terraform.io/hashicorp/aws\"]",
      "instances": [
        {
          "schema_version": 0,
          "attributes": {
            "arn": "arn:aws:iam::144965779334:role/app-udacity-eks-node-role",
            "assume_role_policy": "{\"Version\":\"2012-10-17\",\"Statement\":[{\"Sid\":\"\",\"Effect\":\"Allow\",\"Principal\":{\"Service\":\"ec2.amazonaws.com\"},\"Action\":\"sts:AssumeRole\"}]}",
            "create_date": "2022-07-20T12:47:16Z",
            "description": "",
            "force_detach_policies": false,
            "id": "app-udacity-eks-node-role",
            "inline_policy": [
              {
                "name": "",
                "policy": ""
              }
            ],
            "managed_policy_arns": [
              "arn:aws:iam::144965779334:policy/app-udacity-eks-cluster-role-cloudwatch-policy",
              "arn:aws:iam::144965779334:policy/app-udacity-instance-policy",
              "arn:aws:iam::aws:policy/AmazonEC2ContainerRegistryReadOnly",
              "arn:aws:iam::aws:policy/AmazonEKSWorkerNodePolicy",
              "arn:aws:iam::aws:policy/AmazonEKS_CNI_Policy",
              "arn:aws:iam::aws:policy/CloudWatchAgentServerPolicy"
            ],
            "max_session_duration": 3600,
            "name": "app-udacity-eks-node-role",
            "name_prefix": "",
            "path": "/",
            "permissions_boundary": null,
            "tags": {},
            "tags_all": {
              "Name": "udacity",
              "Terraform": "true"
            },
            "unique_id": "AROASDQFCH6DLWQGYJ6GH"
          },
          "sensitive_attributes": [],
          "private": "bnVsbA==",
          "dependencies": [
            "module.project_eks.data.aws_iam_policy_document.eks_node_assume_role_policy",
            "module.vpc.aws_eip.nat",
            "module.vpc.aws_internet_gateway.this",
            "module.vpc.aws_nat_gateway.this",
            "module.vpc.aws_route.private_nat_gateway",
            "module.vpc.aws_route.public_internet_gateway",
            "module.vpc.aws_route_table.private",
            "module.vpc.aws_route_table_association.private",
            "module.vpc.aws_route_table_association.public",
            "module.vpc.aws_subnet.private",
            "module.vpc.aws_route_table.public",
            "module.vpc.aws_subnet.public",
            "module.vpc.aws_vpc.this"
          ]
        }
      ]
    },
    {
      "module": "module.project_eks",
      "mode": "managed",
      "type": "aws_iam_role_policy_attachment",
      "name": "cluster_AmazonEKSCloudwatchPolicy",
      "provider": "provider[\"registry.terraform.io/hashicorp/aws\"]",
      "instances": [
        {
          "schema_version": 0,
          "attributes": {
            "id": "app-udacity-eks-node-role-20220720124718048900000005",
            "policy_arn": "arn:aws:iam::144965779334:policy/app-udacity-eks-cluster-role-cloudwatch-policy",
            "role": "app-udacity-eks-node-role"
          },
          "sensitive_attributes": [],
          "private": "bnVsbA==",
          "dependencies": [
            "module.vpc.aws_subnet.public",
            "module.project_eks.data.aws_iam_policy_document.eks_node_assume_role_policy",
            "module.vpc.aws_route.private_nat_gateway",
            "module.vpc.aws_route_table.private",
            "module.vpc.aws_subnet.private",
            "module.vpc.aws_internet_gateway.this",
            "module.vpc.aws_route_table_association.public",
            "module.vpc.aws_route.public_internet_gateway",
            "module.vpc.aws_route_table.public",
            "module.vpc.aws_route_table_association.private",
            "module.vpc.aws_vpc.this",
            "module.project_eks.aws_iam_policy.eks_cluster_role_cloudwatch_policy",
            "module.project_eks.aws_iam_role.eks_node_cluster_role",
            "module.vpc.aws_eip.nat",
            "module.vpc.aws_nat_gateway.this"
          ]
        }
      ]
    },
    {
      "module": "module.project_eks",
      "mode": "managed",
      "type": "aws_iam_role_policy_attachment",
      "name": "cluster_AmazonEKSClusterPolicy",
      "provider": "provider[\"registry.terraform.io/hashicorp/aws\"]",
      "instances": [
        {
          "schema_version": 0,
          "attributes": {
            "id": "app-udacity-eks-cluster-role-20220720124718008200000002",
            "policy_arn": "arn:aws:iam::aws:policy/AmazonEKSClusterPolicy",
            "role": "app-udacity-eks-cluster-role"
          },
          "sensitive_attributes": [],
          "private": "bnVsbA==",
          "dependencies": [
            "module.project_eks.data.aws_iam_policy_document.eks_assume_role_policy",
            "module.vpc.aws_internet_gateway.this",
            "module.vpc.aws_route.public_internet_gateway",
            "module.vpc.aws_route_table.private",
            "module.vpc.aws_route_table_association.public",
            "module.project_eks.aws_iam_role.eks_cluster_role",
            "module.vpc.aws_nat_gateway.this",
            "module.vpc.aws_route_table.public",
            "module.vpc.aws_eip.nat",
            "module.vpc.aws_route.private_nat_gateway",
            "module.vpc.aws_route_table_association.private",
            "module.vpc.aws_subnet.private",
            "module.vpc.aws_subnet.public",
            "module.vpc.aws_vpc.this"
          ]
        }
      ]
    },
    {
      "module": "module.project_eks",
      "mode": "managed",
      "type": "aws_iam_role_policy_attachment",
      "name": "cluster_AmazonEKSServicePolicy",
      "provider": "provider[\"registry.terraform.io/hashicorp/aws\"]",
      "instances": [
        {
          "schema_version": 0,
          "attributes": {
            "id": "app-udacity-eks-cluster-role-20220720124718017300000003",
            "policy_arn": "arn:aws:iam::aws:policy/AmazonEKSServicePolicy",
            "role": "app-udacity-eks-cluster-role"
          },
          "sensitive_attributes": [],
          "private": "bnVsbA==",
          "dependencies": [
            "module.project_eks.data.aws_iam_policy_document.eks_assume_role_policy",
            "module.vpc.aws_eip.nat",
            "module.vpc.aws_route.public_internet_gateway",
            "module.project_eks.aws_iam_role.eks_cluster_role",
            "module.vpc.aws_route_table.private",
            "module.vpc.aws_route_table_association.private",
            "module.vpc.aws_internet_gateway.this",
            "module.vpc.aws_route.private_nat_gateway",
            "module.vpc.aws_route_table_association.public",
            "module.vpc.aws_subnet.private",
            "module.vpc.aws_nat_gateway.this",
            "module.vpc.aws_route_table.public",
            "module.vpc.aws_subnet.public",
            "module.vpc.aws_vpc.this"
          ]
        }
      ]
    },
    {
      "module": "module.project_eks",
      "mode": "managed",
      "type": "aws_iam_role_policy_attachment",
      "name": "node_AmazonEC2ContainerRegistryReadOnly",
      "provider": "provider[\"registry.terraform.io/hashicorp/aws\"]",
      "instances": [
        {
          "schema_version": 0,
          "attributes": {
            "id": "app-udacity-eks-node-role-20220720124718238800000007",
            "policy_arn": "arn:aws:iam::aws:policy/AmazonEC2ContainerRegistryReadOnly",
            "role": "app-udacity-eks-node-role"
          },
          "sensitive_attributes": [],
          "private": "bnVsbA==",
          "dependencies": [
            "module.vpc.aws_route_table.private",
            "module.vpc.aws_route_table_association.public",
            "module.vpc.aws_subnet.public",
            "module.project_eks.data.aws_iam_policy_document.eks_node_assume_role_policy",
            "module.vpc.aws_vpc.this",
            "module.vpc.aws_nat_gateway.this",
            "module.vpc.aws_route.public_internet_gateway",
            "module.vpc.aws_route_table.public",
            "module.project_eks.aws_iam_role.eks_node_cluster_role",
            "module.vpc.aws_eip.nat",
            "module.vpc.aws_internet_gateway.this",
            "module.vpc.aws_route.private_nat_gateway",
            "module.vpc.aws_route_table_association.private",
            "module.vpc.aws_subnet.private"
          ]
        }
      ]
    },
    {
      "module": "module.project_eks",
      "mode": "managed",
      "type": "aws_iam_role_policy_attachment",
      "name": "node_AmazonEKSWorkerNodePolicy",
      "provider": "provider[\"registry.terraform.io/hashicorp/aws\"]",
      "instances": [
        {
          "schema_version": 0,
          "attributes": {
            "id": "app-udacity-eks-node-role-20220720124718247700000008",
            "policy_arn": "arn:aws:iam::aws:policy/AmazonEKSWorkerNodePolicy",
            "role": "app-udacity-eks-node-role"
          },
          "sensitive_attributes": [],
          "private": "bnVsbA==",
          "dependencies": [
            "module.vpc.aws_route_table.public",
            "module.vpc.aws_route.public_internet_gateway",
            "module.vpc.aws_vpc.this",
            "module.project_eks.data.aws_iam_policy_document.eks_node_assume_role_policy",
            "module.vpc.aws_route_table.private",
            "module.vpc.aws_route_table_association.private",
            "module.vpc.aws_route_table_association.public",
            "module.vpc.aws_subnet.public",
            "module.vpc.aws_nat_gateway.this",
            "module.vpc.aws_eip.nat",
            "module.vpc.aws_internet_gateway.this",
            "module.vpc.aws_route.private_nat_gateway",
            "module.vpc.aws_subnet.private",
            "module.project_eks.aws_iam_role.eks_node_cluster_role"
          ]
        }
      ]
    },
    {
      "module": "module.project_eks",
      "mode": "managed",
      "type": "aws_iam_role_policy_attachment",
      "name": "node_AmazonEKS_CNI_Policy",
      "provider": "provider[\"registry.terraform.io/hashicorp/aws\"]",
      "instances": [
        {
          "schema_version": 0,
          "attributes": {
            "id": "app-udacity-eks-node-role-20220720124718048000000004",
            "policy_arn": "arn:aws:iam::aws:policy/AmazonEKS_CNI_Policy",
            "role": "app-udacity-eks-node-role"
          },
          "sensitive_attributes": [],
          "private": "bnVsbA==",
          "dependencies": [
            "module.vpc.aws_route.private_nat_gateway",
            "module.vpc.aws_route.public_internet_gateway",
            "module.vpc.aws_route_table.public",
            "module.vpc.aws_subnet.private",
            "module.vpc.aws_subnet.public",
            "module.vpc.aws_vpc.this",
            "module.vpc.aws_internet_gateway.this",
            "module.vpc.aws_route_table_association.private",
            "module.project_eks.data.aws_iam_policy_document.eks_node_assume_role_policy",
            "module.vpc.aws_eip.nat",
            "module.vpc.aws_nat_gateway.this",
            "module.project_eks.aws_iam_role.eks_node_cluster_role",
            "module.vpc.aws_route_table.private",
            "module.vpc.aws_route_table_association.public"
          ]
        }
      ]
    },
    {
      "module": "module.project_eks",
      "mode": "managed",
      "type": "aws_iam_role_policy_attachment",
      "name": "node_CloudWatchAgentServerPolicy",
      "provider": "provider[\"registry.terraform.io/hashicorp/aws\"]",
      "instances": [
        {
          "schema_version": 0,
          "attributes": {
            "id": "app-udacity-eks-node-role-20220720124718053400000006",
            "policy_arn": "arn:aws:iam::aws:policy/CloudWatchAgentServerPolicy",
            "role": "app-udacity-eks-node-role"
          },
          "sensitive_attributes": [],
          "private": "bnVsbA==",
          "dependencies": [
            "module.vpc.aws_route_table_association.private",
            "module.vpc.aws_route_table_association.public",
            "module.vpc.aws_subnet.private",
            "module.vpc.aws_vpc.this",
            "module.project_eks.aws_iam_role.eks_node_cluster_role",
            "module.project_eks.data.aws_iam_policy_document.eks_node_assume_role_policy",
            "module.vpc.aws_nat_gateway.this",
            "module.vpc.aws_route.private_nat_gateway",
            "module.vpc.aws_route_table.private",
            "module.vpc.aws_route_table.public",
            "module.vpc.aws_route.public_internet_gateway",
            "module.vpc.aws_eip.nat",
            "module.vpc.aws_internet_gateway.this",
            "module.vpc.aws_subnet.public"
          ]
        }
      ]
    },
    {
      "module": "module.project_eks",
      "mode": "managed",
      "type": "aws_iam_role_policy_attachment",
      "name": "node_harmony_policy_attachment",
      "provider": "provider[\"registry.terraform.io/hashicorp/aws\"]",
      "instances": [
        {
          "schema_version": 0,
          "attributes": {
            "id": "app-udacity-eks-node-role-20220720124718293500000009",
            "policy_arn": "arn:aws:iam::144965779334:policy/app-udacity-instance-policy",
            "role": "app-udacity-eks-node-role"
          },
          "sensitive_attributes": [],
          "private": "bnVsbA==",
          "dependencies": [
            "module.vpc.aws_nat_gateway.this",
            "module.vpc.aws_route.private_nat_gateway",
            "module.vpc.aws_route_table_association.private",
            "module.vpc.aws_internet_gateway.this",
            "module.vpc.aws_route_table.private",
            "module.vpc.aws_route_table_association.public",
            "module.vpc.aws_subnet.public",
            "module.project_eks.aws_iam_policy.eks_node_instance_policy",
            "module.project_eks.data.aws_iam_policy_document.eks_node_assume_role_policy",
            "module.vpc.aws_route.public_internet_gateway",
            "module.vpc.aws_subnet.private",
            "module.vpc.aws_vpc.this",
            "module.project_eks.aws_iam_role.eks_node_cluster_role",
            "module.vpc.aws_eip.nat",
            "module.vpc.aws_route_table.public"
          ]
        }
      ]
    },
    {
      "module": "module.vpc",
      "mode": "managed",
      "type": "aws_eip",
      "name": "nat",
      "provider": "provider[\"registry.terraform.io/hashicorp/aws\"]",
      "instances": [
        {
          "index_key": 0,
          "schema_version": 0,
          "attributes": {
            "address": null,
            "allocation_id": "eipalloc-07fe4b25b8c8589c8",
            "associate_with_private_ip": null,
            "association_id": "eipassoc-0defa9e3a9f30fcf2",
            "carrier_ip": "",
            "customer_owned_ip": "",
            "customer_owned_ipv4_pool": "",
            "domain": "vpc",
            "id": "eipalloc-07fe4b25b8c8589c8",
            "instance": "",
            "network_border_group": "us-east-2",
            "network_interface": "eni-0e39c81eeb8ca90fd",
            "private_dns": "ip-10-100-10-97.us-east-2.compute.internal",
            "private_ip": "10.100.10.97",
            "public_dns": "ec2-3-17-171-182.us-east-2.compute.amazonaws.com",
            "public_ip": "3.17.171.182",
            "public_ipv4_pool": "amazon",
            "tags": {
              "Name": "udacity-project-us-east-2a"
            },
            "tags_all": {
              "Name": "udacity-project-us-east-2a",
              "Terraform": "true"
            },
            "timeouts": null,
            "vpc": true
          },
          "sensitive_attributes": [],
          "private": "eyJlMmJmYjczMC1lY2FhLTExZTYtOGY4OC0zNDM2M2JjN2M0YzAiOnsiZGVsZXRlIjoxODAwMDAwMDAwMDAsInJlYWQiOjkwMDAwMDAwMDAwMCwidXBkYXRlIjozMDAwMDAwMDAwMDB9fQ=="
        }
      ]
    },
    {
      "module": "module.vpc",
      "mode": "managed",
      "type": "aws_internet_gateway",
      "name": "this",
      "provider": "provider[\"registry.terraform.io/hashicorp/aws\"]",
      "instances": [
        {
          "index_key": 0,
          "schema_version": 0,
          "attributes": {
            "arn": "arn:aws:ec2:us-east-2:144965779334:internet-gateway/igw-0272ef7365ade4b3f",
            "id": "igw-0272ef7365ade4b3f",
            "owner_id": "144965779334",
            "tags": {
              "Name": "udacity-project"
            },
            "tags_all": {
              "Name": "udacity-project",
              "Terraform": "true"
            },
            "vpc_id": "vpc-051e19387842d1644"
          },
          "sensitive_attributes": [],
          "private": "bnVsbA==",
          "dependencies": [
            "module.vpc.aws_vpc.this"
          ]
        }
      ]
    },
    {
      "module": "module.vpc",
      "mode": "managed",
      "type": "aws_nat_gateway",
      "name": "this",
      "provider": "provider[\"registry.terraform.io/hashicorp/aws\"]",
      "instances": [
        {
          "index_key": 0,
          "schema_version": 0,
          "attributes": {
            "allocation_id": "eipalloc-07fe4b25b8c8589c8",
            "connectivity_type": "public",
            "id": "nat-0009aef4b190c2245",
            "network_interface_id": "eni-0e39c81eeb8ca90fd",
            "private_ip": "10.100.10.97",
            "public_ip": "3.17.171.182",
            "subnet_id": "subnet-031d663c8d07b5622",
            "tags": {
              "Name": "udacity-project-us-east-2a"
            },
            "tags_all": {
              "Name": "udacity-project-us-east-2a",
              "Terraform": "true"
            }
          },
          "sensitive_attributes": [],
          "private": "bnVsbA==",
          "dependencies": [
            "module.vpc.aws_eip.nat",
            "module.vpc.aws_internet_gateway.this",
            "module.vpc.aws_subnet.public",
            "module.vpc.aws_vpc.this"
          ]
        }
      ]
    },
    {
      "module": "module.vpc",
      "mode": "managed",
      "type": "aws_route",
      "name": "private_nat_gateway",
      "provider": "provider[\"registry.terraform.io/hashicorp/aws\"]",
      "instances": [
        {
          "index_key": 0,
          "schema_version": 0,
          "attributes": {
            "carrier_gateway_id": "",
            "core_network_arn": "",
            "destination_cidr_block": "0.0.0.0/0",
            "destination_ipv6_cidr_block": "",
            "destination_prefix_list_id": "",
            "egress_only_gateway_id": "",
            "gateway_id": "",
            "id": "r-rtb-0b47acf15bcae85e01080289494",
            "instance_id": "",
            "instance_owner_id": "",
            "local_gateway_id": "",
            "nat_gateway_id": "nat-0009aef4b190c2245",
            "network_interface_id": "",
            "origin": "CreateRoute",
            "route_table_id": "rtb-0b47acf15bcae85e0",
            "state": "active",
            "timeouts": {
              "create": "5m",
              "delete": null,
              "update": null
            },
            "transit_gateway_id": "",
            "vpc_endpoint_id": "",
            "vpc_peering_connection_id": ""
          },
          "sensitive_attributes": [],
          "private": "eyJlMmJmYjczMC1lY2FhLTExZTYtOGY4OC0zNDM2M2JjN2M0YzAiOnsiY3JlYXRlIjozMDAwMDAwMDAwMDAsImRlbGV0ZSI6MzAwMDAwMDAwMDAwLCJ1cGRhdGUiOjEyMDAwMDAwMDAwMH19",
          "dependencies": [
            "module.vpc.aws_vpc.this",
            "module.vpc.aws_eip.nat",
            "module.vpc.aws_internet_gateway.this",
            "module.vpc.aws_nat_gateway.this",
            "module.vpc.aws_route_table.private",
            "module.vpc.aws_subnet.public"
          ]
        },
        {
          "index_key": 1,
          "schema_version": 0,
          "attributes": {
            "carrier_gateway_id": "",
            "core_network_arn": "",
            "destination_cidr_block": "0.0.0.0/0",
            "destination_ipv6_cidr_block": "",
            "destination_prefix_list_id": "",
            "egress_only_gateway_id": "",
            "gateway_id": "",
            "id": "r-rtb-02426fc1311e9f36c1080289494",
            "instance_id": "",
            "instance_owner_id": "",
            "local_gateway_id": "",
            "nat_gateway_id": "nat-0009aef4b190c2245",
            "network_interface_id": "",
            "origin": "CreateRoute",
            "route_table_id": "rtb-02426fc1311e9f36c",
            "state": "active",
            "timeouts": {
              "create": "5m",
              "delete": null,
              "update": null
            },
            "transit_gateway_id": "",
            "vpc_endpoint_id": "",
            "vpc_peering_connection_id": ""
          },
          "sensitive_attributes": [],
          "private": "eyJlMmJmYjczMC1lY2FhLTExZTYtOGY4OC0zNDM2M2JjN2M0YzAiOnsiY3JlYXRlIjozMDAwMDAwMDAwMDAsImRlbGV0ZSI6MzAwMDAwMDAwMDAwLCJ1cGRhdGUiOjEyMDAwMDAwMDAwMH19",
          "dependencies": [
            "module.vpc.aws_eip.nat",
            "module.vpc.aws_internet_gateway.this",
            "module.vpc.aws_nat_gateway.this",
            "module.vpc.aws_route_table.private",
            "module.vpc.aws_subnet.public",
            "module.vpc.aws_vpc.this"
          ]
        },
        {
          "index_key": 2,
          "schema_version": 0,
          "attributes": {
            "carrier_gateway_id": "",
            "core_network_arn": "",
            "destination_cidr_block": "0.0.0.0/0",
            "destination_ipv6_cidr_block": "",
            "destination_prefix_list_id": "",
            "egress_only_gateway_id": "",
            "gateway_id": "",
            "id": "r-rtb-0e3940496dbeb5ba31080289494",
            "instance_id": "",
            "instance_owner_id": "",
            "local_gateway_id": "",
            "nat_gateway_id": "nat-0009aef4b190c2245",
            "network_interface_id": "",
            "origin": "CreateRoute",
            "route_table_id": "rtb-0e3940496dbeb5ba3",
            "state": "active",
            "timeouts": {
              "create": "5m",
              "delete": null,
              "update": null
            },
            "transit_gateway_id": "",
            "vpc_endpoint_id": "",
            "vpc_peering_connection_id": ""
          },
          "sensitive_attributes": [],
          "private": "eyJlMmJmYjczMC1lY2FhLTExZTYtOGY4OC0zNDM2M2JjN2M0YzAiOnsiY3JlYXRlIjozMDAwMDAwMDAwMDAsImRlbGV0ZSI6MzAwMDAwMDAwMDAwLCJ1cGRhdGUiOjEyMDAwMDAwMDAwMH19",
          "dependencies": [
            "module.vpc.aws_nat_gateway.this",
            "module.vpc.aws_route_table.private",
            "module.vpc.aws_subnet.public",
            "module.vpc.aws_vpc.this",
            "module.vpc.aws_eip.nat",
            "module.vpc.aws_internet_gateway.this"
          ]
        }
      ]
    },
    {
      "module": "module.vpc",
      "mode": "managed",
      "type": "aws_route",
      "name": "public_internet_gateway",
      "provider": "provider[\"registry.terraform.io/hashicorp/aws\"]",
      "instances": [
        {
          "index_key": 0,
          "schema_version": 0,
          "attributes": {
            "carrier_gateway_id": "",
            "core_network_arn": "",
            "destination_cidr_block": "0.0.0.0/0",
            "destination_ipv6_cidr_block": "",
            "destination_prefix_list_id": "",
            "egress_only_gateway_id": "",
            "gateway_id": "igw-0272ef7365ade4b3f",
            "id": "r-rtb-028e61879cf90e47b1080289494",
            "instance_id": "",
            "instance_owner_id": "",
            "local_gateway_id": "",
            "nat_gateway_id": "",
            "network_interface_id": "",
            "origin": "CreateRoute",
            "route_table_id": "rtb-028e61879cf90e47b",
            "state": "active",
            "timeouts": {
              "create": "5m",
              "delete": null,
              "update": null
            },
            "transit_gateway_id": "",
            "vpc_endpoint_id": "",
            "vpc_peering_connection_id": ""
          },
          "sensitive_attributes": [],
          "private": "eyJlMmJmYjczMC1lY2FhLTExZTYtOGY4OC0zNDM2M2JjN2M0YzAiOnsiY3JlYXRlIjozMDAwMDAwMDAwMDAsImRlbGV0ZSI6MzAwMDAwMDAwMDAwLCJ1cGRhdGUiOjEyMDAwMDAwMDAwMH19",
          "dependencies": [
            "module.vpc.aws_route_table.public",
            "module.vpc.aws_vpc.this",
            "module.vpc.aws_internet_gateway.this"
          ]
        },
        {
          "index_key": 1,
          "schema_version": 0,
          "attributes": {
            "carrier_gateway_id": "",
            "core_network_arn": "",
            "destination_cidr_block": "0.0.0.0/0",
            "destination_ipv6_cidr_block": "",
            "destination_prefix_list_id": "",
            "egress_only_gateway_id": "",
            "gateway_id": "igw-0272ef7365ade4b3f",
            "id": "r-rtb-028e61879cf90e47b1080289494",
            "instance_id": "",
            "instance_owner_id": "",
            "local_gateway_id": "",
            "nat_gateway_id": "",
            "network_interface_id": "",
            "origin": "CreateRoute",
            "route_table_id": "rtb-028e61879cf90e47b",
            "state": "active",
            "timeouts": {
              "create": "5m",
              "delete": null,
              "update": null
            },
            "transit_gateway_id": "",
            "vpc_endpoint_id": "",
            "vpc_peering_connection_id": ""
          },
          "sensitive_attributes": [],
          "private": "eyJlMmJmYjczMC1lY2FhLTExZTYtOGY4OC0zNDM2M2JjN2M0YzAiOnsiY3JlYXRlIjozMDAwMDAwMDAwMDAsImRlbGV0ZSI6MzAwMDAwMDAwMDAwLCJ1cGRhdGUiOjEyMDAwMDAwMDAwMH19",
          "dependencies": [
            "module.vpc.aws_internet_gateway.this",
            "module.vpc.aws_route_table.public",
            "module.vpc.aws_vpc.this"
          ]
        },
        {
          "index_key": 2,
          "schema_version": 0,
          "attributes": {
            "carrier_gateway_id": "",
            "core_network_arn": "",
            "destination_cidr_block": "0.0.0.0/0",
            "destination_ipv6_cidr_block": "",
            "destination_prefix_list_id": "",
            "egress_only_gateway_id": "",
            "gateway_id": "igw-0272ef7365ade4b3f",
            "id": "r-rtb-028e61879cf90e47b1080289494",
            "instance_id": "",
            "instance_owner_id": "",
            "local_gateway_id": "",
            "nat_gateway_id": "",
            "network_interface_id": "",
            "origin": "CreateRoute",
            "route_table_id": "rtb-028e61879cf90e47b",
            "state": "active",
            "timeouts": {
              "create": "5m",
              "delete": null,
              "update": null
            },
            "transit_gateway_id": "",
            "vpc_endpoint_id": "",
            "vpc_peering_connection_id": ""
          },
          "sensitive_attributes": [],
          "private": "eyJlMmJmYjczMC1lY2FhLTExZTYtOGY4OC0zNDM2M2JjN2M0YzAiOnsiY3JlYXRlIjozMDAwMDAwMDAwMDAsImRlbGV0ZSI6MzAwMDAwMDAwMDAwLCJ1cGRhdGUiOjEyMDAwMDAwMDAwMH19",
          "dependencies": [
            "module.vpc.aws_internet_gateway.this",
            "module.vpc.aws_route_table.public",
            "module.vpc.aws_vpc.this"
          ]
        }
      ]
    },
    {
      "module": "module.vpc",
      "mode": "managed",
      "type": "aws_route_table",
      "name": "private",
      "provider": "provider[\"registry.terraform.io/hashicorp/aws\"]",
      "instances": [
        {
          "index_key": 0,
          "schema_version": 0,
          "attributes": {
            "arn": "arn:aws:ec2:us-east-2:144965779334:route-table/rtb-0b47acf15bcae85e0",
            "id": "rtb-0b47acf15bcae85e0",
            "owner_id": "144965779334",
            "propagating_vgws": [],
            "route": [
              {
                "carrier_gateway_id": "",
                "cidr_block": "0.0.0.0/0",
                "core_network_arn": "",
                "destination_prefix_list_id": "",
                "egress_only_gateway_id": "",
                "gateway_id": "",
                "instance_id": "",
                "ipv6_cidr_block": "",
                "local_gateway_id": "",
                "nat_gateway_id": "nat-0009aef4b190c2245",
                "network_interface_id": "",
                "transit_gateway_id": "",
                "vpc_endpoint_id": "",
                "vpc_peering_connection_id": ""
              }
            ],
            "tags": {
              "Name": "udacity-project-private-us-east-2a"
            },
            "tags_all": {
              "Name": "udacity-project-private-us-east-2a",
              "Terraform": "true"
            },
            "timeouts": null,
            "vpc_id": "vpc-051e19387842d1644"
          },
          "sensitive_attributes": [],
          "private": "eyJlMmJmYjczMC1lY2FhLTExZTYtOGY4OC0zNDM2M2JjN2M0YzAiOnsiY3JlYXRlIjozMDAwMDAwMDAwMDAsImRlbGV0ZSI6MzAwMDAwMDAwMDAwLCJ1cGRhdGUiOjEyMDAwMDAwMDAwMH19",
          "dependencies": [
            "module.vpc.aws_vpc.this"
          ]
        },
        {
          "index_key": 1,
          "schema_version": 0,
          "attributes": {
            "arn": "arn:aws:ec2:us-east-2:144965779334:route-table/rtb-02426fc1311e9f36c",
            "id": "rtb-02426fc1311e9f36c",
            "owner_id": "144965779334",
            "propagating_vgws": [],
            "route": [
              {
                "carrier_gateway_id": "",
                "cidr_block": "0.0.0.0/0",
                "core_network_arn": "",
                "destination_prefix_list_id": "",
                "egress_only_gateway_id": "",
                "gateway_id": "",
                "instance_id": "",
                "ipv6_cidr_block": "",
                "local_gateway_id": "",
                "nat_gateway_id": "nat-0009aef4b190c2245",
                "network_interface_id": "",
                "transit_gateway_id": "",
                "vpc_endpoint_id": "",
                "vpc_peering_connection_id": ""
              }
            ],
            "tags": {
              "Name": "udacity-project-private-us-east-2b"
            },
            "tags_all": {
              "Name": "udacity-project-private-us-east-2b",
              "Terraform": "true"
            },
            "timeouts": null,
            "vpc_id": "vpc-051e19387842d1644"
          },
          "sensitive_attributes": [],
          "private": "eyJlMmJmYjczMC1lY2FhLTExZTYtOGY4OC0zNDM2M2JjN2M0YzAiOnsiY3JlYXRlIjozMDAwMDAwMDAwMDAsImRlbGV0ZSI6MzAwMDAwMDAwMDAwLCJ1cGRhdGUiOjEyMDAwMDAwMDAwMH19",
          "dependencies": [
            "module.vpc.aws_vpc.this"
          ]
        },
        {
          "index_key": 2,
          "schema_version": 0,
          "attributes": {
            "arn": "arn:aws:ec2:us-east-2:144965779334:route-table/rtb-0e3940496dbeb5ba3",
            "id": "rtb-0e3940496dbeb5ba3",
            "owner_id": "144965779334",
            "propagating_vgws": [],
            "route": [
              {
                "carrier_gateway_id": "",
                "cidr_block": "0.0.0.0/0",
                "core_network_arn": "",
                "destination_prefix_list_id": "",
                "egress_only_gateway_id": "",
                "gateway_id": "",
                "instance_id": "",
                "ipv6_cidr_block": "",
                "local_gateway_id": "",
                "nat_gateway_id": "nat-0009aef4b190c2245",
                "network_interface_id": "",
                "transit_gateway_id": "",
                "vpc_endpoint_id": "",
                "vpc_peering_connection_id": ""
              }
            ],
            "tags": {
              "Name": "udacity-project-private-us-east-2c"
            },
            "tags_all": {
              "Name": "udacity-project-private-us-east-2c",
              "Terraform": "true"
            },
            "timeouts": null,
            "vpc_id": "vpc-051e19387842d1644"
          },
          "sensitive_attributes": [],
          "private": "eyJlMmJmYjczMC1lY2FhLTExZTYtOGY4OC0zNDM2M2JjN2M0YzAiOnsiY3JlYXRlIjozMDAwMDAwMDAwMDAsImRlbGV0ZSI6MzAwMDAwMDAwMDAwLCJ1cGRhdGUiOjEyMDAwMDAwMDAwMH19",
          "dependencies": [
            "module.vpc.aws_vpc.this"
          ]
        }
      ]
    },
    {
      "module": "module.vpc",
      "mode": "managed",
      "type": "aws_route_table",
      "name": "public",
      "provider": "provider[\"registry.terraform.io/hashicorp/aws\"]",
      "instances": [
        {
          "index_key": 0,
          "schema_version": 0,
          "attributes": {
            "arn": "arn:aws:ec2:us-east-2:144965779334:route-table/rtb-028e61879cf90e47b",
            "id": "rtb-028e61879cf90e47b",
            "owner_id": "144965779334",
            "propagating_vgws": [],
            "route": [
              {
                "carrier_gateway_id": "",
                "cidr_block": "0.0.0.0/0",
                "core_network_arn": "",
                "destination_prefix_list_id": "",
                "egress_only_gateway_id": "",
                "gateway_id": "igw-0272ef7365ade4b3f",
                "instance_id": "",
                "ipv6_cidr_block": "",
                "local_gateway_id": "",
                "nat_gateway_id": "",
                "network_interface_id": "",
                "transit_gateway_id": "",
                "vpc_endpoint_id": "",
                "vpc_peering_connection_id": ""
              }
            ],
            "tags": {
              "Name": "udacity-project-public"
            },
            "tags_all": {
              "Name": "udacity-project-public",
              "Terraform": "true"
            },
            "timeouts": null,
            "vpc_id": "vpc-051e19387842d1644"
          },
          "sensitive_attributes": [],
          "private": "eyJlMmJmYjczMC1lY2FhLTExZTYtOGY4OC0zNDM2M2JjN2M0YzAiOnsiY3JlYXRlIjozMDAwMDAwMDAwMDAsImRlbGV0ZSI6MzAwMDAwMDAwMDAwLCJ1cGRhdGUiOjEyMDAwMDAwMDAwMH19",
          "dependencies": [
            "module.vpc.aws_vpc.this"
          ]
        }
      ]
    },
    {
      "module": "module.vpc",
      "mode": "managed",
      "type": "aws_route_table_association",
      "name": "private",
      "provider": "provider[\"registry.terraform.io/hashicorp/aws\"]",
      "instances": [
        {
          "index_key": 0,
          "schema_version": 0,
          "attributes": {
            "gateway_id": "",
            "id": "rtbassoc-0c8afe163ad8f38b9",
            "route_table_id": "rtb-0b47acf15bcae85e0",
            "subnet_id": "subnet-02d96f860dc5b4472"
          },
          "sensitive_attributes": [],
          "private": "bnVsbA==",
          "dependencies": [
            "module.vpc.aws_vpc.this",
            "module.vpc.aws_route_table.private",
            "module.vpc.aws_subnet.private"
          ]
        },
        {
          "index_key": 1,
          "schema_version": 0,
          "attributes": {
            "gateway_id": "",
            "id": "rtbassoc-01b3c6b691b4582fd",
            "route_table_id": "rtb-02426fc1311e9f36c",
            "subnet_id": "subnet-03068347ad82ee128"
          },
          "sensitive_attributes": [],
          "private": "bnVsbA==",
          "dependencies": [
            "module.vpc.aws_route_table.private",
            "module.vpc.aws_subnet.private",
            "module.vpc.aws_vpc.this"
          ]
        },
        {
          "index_key": 2,
          "schema_version": 0,
          "attributes": {
            "gateway_id": "",
            "id": "rtbassoc-0e1b3f5c072d01419",
            "route_table_id": "rtb-0e3940496dbeb5ba3",
            "subnet_id": "subnet-05cac38d4546d289d"
          },
          "sensitive_attributes": [],
          "private": "bnVsbA==",
          "dependencies": [
            "module.vpc.aws_subnet.private",
            "module.vpc.aws_vpc.this",
            "module.vpc.aws_route_table.private"
          ]
        }
      ]
    },
    {
      "module": "module.vpc",
      "mode": "managed",
      "type": "aws_route_table_association",
      "name": "public",
      "provider": "provider[\"registry.terraform.io/hashicorp/aws\"]",
      "instances": [
        {
          "index_key": 0,
          "schema_version": 0,
          "attributes": {
            "gateway_id": "",
            "id": "rtbassoc-096ed0dfb44e7f846",
            "route_table_id": "rtb-028e61879cf90e47b",
            "subnet_id": "subnet-031d663c8d07b5622"
          },
          "sensitive_attributes": [],
          "private": "bnVsbA==",
          "dependencies": [
            "module.vpc.aws_route_table.public",
            "module.vpc.aws_subnet.public",
            "module.vpc.aws_vpc.this"
          ]
        },
        {
          "index_key": 1,
          "schema_version": 0,
          "attributes": {
            "gateway_id": "",
            "id": "rtbassoc-0a5d25116950c21d8",
            "route_table_id": "rtb-028e61879cf90e47b",
            "subnet_id": "subnet-03c6c39bb1bd8393b"
          },
          "sensitive_attributes": [],
          "private": "bnVsbA==",
          "dependencies": [
            "module.vpc.aws_route_table.public",
            "module.vpc.aws_subnet.public",
            "module.vpc.aws_vpc.this"
          ]
        },
        {
          "index_key": 2,
          "schema_version": 0,
          "attributes": {
            "gateway_id": "",
            "id": "rtbassoc-0aa423462d8287d78",
            "route_table_id": "rtb-028e61879cf90e47b",
            "subnet_id": "subnet-080b89c9df65b842d"
          },
          "sensitive_attributes": [],
          "private": "bnVsbA==",
          "dependencies": [
            "module.vpc.aws_subnet.public",
            "module.vpc.aws_vpc.this",
            "module.vpc.aws_route_table.public"
          ]
        }
      ]
    },
    {
      "module": "module.vpc",
      "mode": "managed",
      "type": "aws_subnet",
      "name": "private",
      "provider": "provider[\"registry.terraform.io/hashicorp/aws\"]",
      "instances": [
        {
          "index_key": 0,
          "schema_version": 1,
          "attributes": {
            "arn": "arn:aws:ec2:us-east-2:144965779334:subnet/subnet-02d96f860dc5b4472",
            "assign_ipv6_address_on_creation": false,
            "availability_zone": "us-east-2a",
            "availability_zone_id": "use2-az1",
            "cidr_block": "10.100.1.0/24",
            "customer_owned_ipv4_pool": "",
            "enable_dns64": false,
            "enable_resource_name_dns_a_record_on_launch": false,
            "enable_resource_name_dns_aaaa_record_on_launch": false,
            "id": "subnet-02d96f860dc5b4472",
            "ipv6_cidr_block": "",
            "ipv6_cidr_block_association_id": "",
            "ipv6_native": false,
            "map_customer_owned_ip_on_launch": false,
            "map_public_ip_on_launch": false,
            "outpost_arn": "",
            "owner_id": "144965779334",
            "private_dns_hostname_type_on_launch": "ip-name",
            "tags": {
              "Name": "udacity-project-private-us-east-2a",
              "kubernetes.io/role/internal-elb": "1"
            },
            "tags_all": {
              "Name": "udacity-project-private-us-east-2a",
              "Terraform": "true",
              "kubernetes.io/role/internal-elb": "1"
            },
            "timeouts": null,
            "vpc_id": "vpc-051e19387842d1644"
          },
          "sensitive_attributes": [],
          "private": "eyJlMmJmYjczMC1lY2FhLTExZTYtOGY4OC0zNDM2M2JjN2M0YzAiOnsiY3JlYXRlIjo2MDAwMDAwMDAwMDAsImRlbGV0ZSI6MTIwMDAwMDAwMDAwMH0sInNjaGVtYV92ZXJzaW9uIjoiMSJ9",
          "dependencies": [
            "module.vpc.aws_vpc.this"
          ]
        },
        {
          "index_key": 1,
          "schema_version": 1,
          "attributes": {
            "arn": "arn:aws:ec2:us-east-2:144965779334:subnet/subnet-03068347ad82ee128",
            "assign_ipv6_address_on_creation": false,
            "availability_zone": "us-east-2b",
            "availability_zone_id": "use2-az2",
            "cidr_block": "10.100.2.0/24",
            "customer_owned_ipv4_pool": "",
            "enable_dns64": false,
            "enable_resource_name_dns_a_record_on_launch": false,
            "enable_resource_name_dns_aaaa_record_on_launch": false,
            "id": "subnet-03068347ad82ee128",
            "ipv6_cidr_block": "",
            "ipv6_cidr_block_association_id": "",
            "ipv6_native": false,
            "map_customer_owned_ip_on_launch": false,
            "map_public_ip_on_launch": false,
            "outpost_arn": "",
            "owner_id": "144965779334",
            "private_dns_hostname_type_on_launch": "ip-name",
            "tags": {
              "Name": "udacity-project-private-us-east-2b",
              "kubernetes.io/role/internal-elb": "1"
            },
            "tags_all": {
              "Name": "udacity-project-private-us-east-2b",
              "Terraform": "true",
              "kubernetes.io/role/internal-elb": "1"
            },
            "timeouts": null,
            "vpc_id": "vpc-051e19387842d1644"
          },
          "sensitive_attributes": [],
          "private": "eyJlMmJmYjczMC1lY2FhLTExZTYtOGY4OC0zNDM2M2JjN2M0YzAiOnsiY3JlYXRlIjo2MDAwMDAwMDAwMDAsImRlbGV0ZSI6MTIwMDAwMDAwMDAwMH0sInNjaGVtYV92ZXJzaW9uIjoiMSJ9",
          "dependencies": [
            "module.vpc.aws_vpc.this"
          ]
        },
        {
          "index_key": 2,
          "schema_version": 1,
          "attributes": {
            "arn": "arn:aws:ec2:us-east-2:144965779334:subnet/subnet-05cac38d4546d289d",
            "assign_ipv6_address_on_creation": false,
            "availability_zone": "us-east-2c",
            "availability_zone_id": "use2-az3",
            "cidr_block": "10.100.3.0/24",
            "customer_owned_ipv4_pool": "",
            "enable_dns64": false,
            "enable_resource_name_dns_a_record_on_launch": false,
            "enable_resource_name_dns_aaaa_record_on_launch": false,
            "id": "subnet-05cac38d4546d289d",
            "ipv6_cidr_block": "",
            "ipv6_cidr_block_association_id": "",
            "ipv6_native": false,
            "map_customer_owned_ip_on_launch": false,
            "map_public_ip_on_launch": false,
            "outpost_arn": "",
            "owner_id": "144965779334",
            "private_dns_hostname_type_on_launch": "ip-name",
            "tags": {
              "Name": "udacity-project-private-us-east-2c",
              "kubernetes.io/role/internal-elb": "1"
            },
            "tags_all": {
              "Name": "udacity-project-private-us-east-2c",
              "Terraform": "true",
              "kubernetes.io/role/internal-elb": "1"
            },
            "timeouts": null,
            "vpc_id": "vpc-051e19387842d1644"
          },
          "sensitive_attributes": [],
          "private": "eyJlMmJmYjczMC1lY2FhLTExZTYtOGY4OC0zNDM2M2JjN2M0YzAiOnsiY3JlYXRlIjo2MDAwMDAwMDAwMDAsImRlbGV0ZSI6MTIwMDAwMDAwMDAwMH0sInNjaGVtYV92ZXJzaW9uIjoiMSJ9",
          "dependencies": [
            "module.vpc.aws_vpc.this"
          ]
        }
      ]
    },
    {
      "module": "module.vpc",
      "mode": "managed",
      "type": "aws_subnet",
      "name": "public",
      "provider": "provider[\"registry.terraform.io/hashicorp/aws\"]",
      "instances": [
        {
          "index_key": 0,
          "schema_version": 1,
          "attributes": {
            "arn": "arn:aws:ec2:us-east-2:144965779334:subnet/subnet-031d663c8d07b5622",
            "assign_ipv6_address_on_creation": false,
            "availability_zone": "us-east-2a",
            "availability_zone_id": "use2-az1",
            "cidr_block": "10.100.10.0/24",
            "customer_owned_ipv4_pool": "",
            "enable_dns64": false,
            "enable_resource_name_dns_a_record_on_launch": false,
            "enable_resource_name_dns_aaaa_record_on_launch": false,
            "id": "subnet-031d663c8d07b5622",
            "ipv6_cidr_block": "",
            "ipv6_cidr_block_association_id": "",
            "ipv6_native": false,
            "map_customer_owned_ip_on_launch": false,
            "map_public_ip_on_launch": true,
            "outpost_arn": "",
            "owner_id": "144965779334",
            "private_dns_hostname_type_on_launch": "ip-name",
            "tags": {
              "Name": "udacity-project-public-us-east-2a",
              "kubernetes.io/role/elb": "1"
            },
            "tags_all": {
              "Name": "udacity-project-public-us-east-2a",
              "Terraform": "true",
              "kubernetes.io/role/elb": "1"
            },
            "timeouts": null,
            "vpc_id": "vpc-051e19387842d1644"
          },
          "sensitive_attributes": [],
          "private": "eyJlMmJmYjczMC1lY2FhLTExZTYtOGY4OC0zNDM2M2JjN2M0YzAiOnsiY3JlYXRlIjo2MDAwMDAwMDAwMDAsImRlbGV0ZSI6MTIwMDAwMDAwMDAwMH0sInNjaGVtYV92ZXJzaW9uIjoiMSJ9",
          "dependencies": [
            "module.vpc.aws_vpc.this"
          ]
        },
        {
          "index_key": 1,
          "schema_version": 1,
          "attributes": {
            "arn": "arn:aws:ec2:us-east-2:144965779334:subnet/subnet-03c6c39bb1bd8393b",
            "assign_ipv6_address_on_creation": false,
            "availability_zone": "us-east-2b",
            "availability_zone_id": "use2-az2",
            "cidr_block": "10.100.11.0/24",
            "customer_owned_ipv4_pool": "",
            "enable_dns64": false,
            "enable_resource_name_dns_a_record_on_launch": false,
            "enable_resource_name_dns_aaaa_record_on_launch": false,
            "id": "subnet-03c6c39bb1bd8393b",
            "ipv6_cidr_block": "",
            "ipv6_cidr_block_association_id": "",
            "ipv6_native": false,
            "map_customer_owned_ip_on_launch": false,
            "map_public_ip_on_launch": true,
            "outpost_arn": "",
            "owner_id": "144965779334",
            "private_dns_hostname_type_on_launch": "ip-name",
            "tags": {
              "Name": "udacity-project-public-us-east-2b",
              "kubernetes.io/role/elb": "1"
            },
            "tags_all": {
              "Name": "udacity-project-public-us-east-2b",
              "Terraform": "true",
              "kubernetes.io/role/elb": "1"
            },
            "timeouts": null,
            "vpc_id": "vpc-051e19387842d1644"
          },
          "sensitive_attributes": [],
          "private": "eyJlMmJmYjczMC1lY2FhLTExZTYtOGY4OC0zNDM2M2JjN2M0YzAiOnsiY3JlYXRlIjo2MDAwMDAwMDAwMDAsImRlbGV0ZSI6MTIwMDAwMDAwMDAwMH0sInNjaGVtYV92ZXJzaW9uIjoiMSJ9",
          "dependencies": [
            "module.vpc.aws_vpc.this"
          ]
        },
        {
          "index_key": 2,
          "schema_version": 1,
          "attributes": {
            "arn": "arn:aws:ec2:us-east-2:144965779334:subnet/subnet-080b89c9df65b842d",
            "assign_ipv6_address_on_creation": false,
            "availability_zone": "us-east-2c",
            "availability_zone_id": "use2-az3",
            "cidr_block": "10.100.12.0/24",
            "customer_owned_ipv4_pool": "",
            "enable_dns64": false,
            "enable_resource_name_dns_a_record_on_launch": false,
            "enable_resource_name_dns_aaaa_record_on_launch": false,
            "id": "subnet-080b89c9df65b842d",
            "ipv6_cidr_block": "",
            "ipv6_cidr_block_association_id": "",
            "ipv6_native": false,
            "map_customer_owned_ip_on_launch": false,
            "map_public_ip_on_launch": true,
            "outpost_arn": "",
            "owner_id": "144965779334",
            "private_dns_hostname_type_on_launch": "ip-name",
            "tags": {
              "Name": "udacity-project-public-us-east-2c",
              "kubernetes.io/role/elb": "1"
            },
            "tags_all": {
              "Name": "udacity-project-public-us-east-2c",
              "Terraform": "true",
              "kubernetes.io/role/elb": "1"
            },
            "timeouts": null,
            "vpc_id": "vpc-051e19387842d1644"
          },
          "sensitive_attributes": [],
          "private": "eyJlMmJmYjczMC1lY2FhLTExZTYtOGY4OC0zNDM2M2JjN2M0YzAiOnsiY3JlYXRlIjo2MDAwMDAwMDAwMDAsImRlbGV0ZSI6MTIwMDAwMDAwMDAwMH0sInNjaGVtYV92ZXJzaW9uIjoiMSJ9",
          "dependencies": [
            "module.vpc.aws_vpc.this"
          ]
        }
      ]
    },
    {
      "module": "module.vpc",
      "mode": "managed",
      "type": "aws_vpc",
      "name": "this",
      "provider": "provider[\"registry.terraform.io/hashicorp/aws\"]",
      "instances": [
        {
          "schema_version": 1,
          "attributes": {
            "arn": "arn:aws:ec2:us-east-2:144965779334:vpc/vpc-051e19387842d1644",
            "assign_generated_ipv6_cidr_block": false,
            "cidr_block": "10.100.0.0/16",
            "default_network_acl_id": "acl-00c8f9659dee68fe9",
            "default_route_table_id": "rtb-06336c9350efb663b",
            "default_security_group_id": "sg-020ee080869ee9073",
            "dhcp_options_id": "dopt-05413ca81efc9538e",
            "enable_classiclink": false,
            "enable_classiclink_dns_support": false,
            "enable_dns_hostnames": true,
            "enable_dns_support": true,
            "id": "vpc-051e19387842d1644",
            "instance_tenancy": "default",
            "ipv4_ipam_pool_id": null,
            "ipv4_netmask_length": null,
            "ipv6_association_id": "",
            "ipv6_cidr_block": "",
            "ipv6_cidr_block_network_border_group": "",
            "ipv6_ipam_pool_id": "",
            "ipv6_netmask_length": 0,
            "main_route_table_id": "rtb-06336c9350efb663b",
            "owner_id": "144965779334",
            "tags": {
              "Name": "udacity-project"
            },
            "tags_all": {
              "Name": "udacity-project",
              "Terraform": "true"
            }
          },
          "sensitive_attributes": [],
          "private": "eyJzY2hlbWFfdmVyc2lvbiI6IjEifQ=="
        }
      ]
    }
  ]
}
